
Microsoft Visual Studio Solution File, Format Version 12.00
# Visual Studio Version 17
VisualStudioVersion = 17.9.34511.98
MinimumVisualStudioVersion = 10.0.40219.1
Project("{FAE04EC0-301F-11D3-BF4B-00C04F79EFBC}") = "EBooksPvtLtd", "EBooksPvtLtd.csproj", "{8928325B-033E-41FE-B652-526F83F1F340}"
EndProject
Global
	GlobalSection(SolutionConfigurationPlatforms) = preSolution
		Debug|Any CPU = Debug|Any CPU
		Release|Any CPU = Release|Any CPU
	EndGlobalSection
	GlobalSection(ProjectConfigurationPlatforms) = postSolution
		{8928325B-033E-41FE-B652-526F83F1F340}.Debug|Any CPU.ActiveCfg = Debug|Any CPU
		{8928325B-033E-41FE-B652-526F83F1F340}.Debug|Any CPU.Build.0 = Debug|Any CPU
		{8928325B-033E-41FE-B652-526F83F1F340}.Release|Any CPU.ActiveCfg = Release|Any CPU
		{8928325B-033E-41FE-B652-526F83F1F340}.Release|Any CPU.Build.0 = Release|Any CPU
	EndGlobalSection
	GlobalSection(SolutionProperties) = preSolution
		HideSolutionNode = FALSE
	EndGlobalSection
	GlobalSection(ExtensibilityGlobals) = postSolution
		SolutionGuid = {978208FA-788F-4346-9EA9-872D6F2E4104}
	EndGlobalSection
EndGlobal
